
Microsoft Visual Studio Solution File, Format Version 12.00
# Visual Studio Version 17
VisualStudioVersion = 17.11.35431.28
MinimumVisualStudioVersion = 10.0.40219.1
Project("{FAE04EC0-301F-11D3-BF4B-00C04F79EFBC}") = "MauiAppHotel", "MauiAppHotel\MauiAppHotel.csproj", "{96379618-BDCD-4E48-A1D6-C48B243B40AA}"
EndProject
Global
	GlobalSection(SolutionConfigurationPlatforms) = preSolution
		Debug|Any CPU = Debug|Any CPU
		Release|Any CPU = Release|Any CPU
	EndGlobalSection
	GlobalSection(ProjectConfigurationPlatforms) = postSolution
		{96379618-BDCD-4E48-A1D6-C48B243B40AA}.Debug|Any CPU.ActiveCfg = Debug|Any CPU
		{96379618-BDCD-4E48-A1D6-C48B243B40AA}.Debug|Any CPU.Build.0 = Debug|Any CPU
		{96379618-BDCD-4E48-A1D6-C48B243B40AA}.Debug|Any CPU.Deploy.0 = Debug|Any CPU
		{96379618-BDCD-4E48-A1D6-C48B243B40AA}.Release|Any CPU.ActiveCfg = Release|Any CPU
		{96379618-BDCD-4E48-A1D6-C48B243B40AA}.Release|Any CPU.Build.0 = Release|Any CPU
		{96379618-BDCD-4E48-A1D6-C48B243B40AA}.Release|Any CPU.Deploy.0 = Release|Any CPU
	EndGlobalSection
	GlobalSection(SolutionProperties) = preSolution
		HideSolutionNode = FALSE
	EndGlobalSection
	GlobalSection(ExtensibilityGlobals) = postSolution
		SolutionGuid = {C1D8BF99-E74D-48DC-8204-5D55AD9EFB66}
	EndGlobalSection
EndGlobal
